
Microsoft Visual Studio Solution File, Format Version 12.00
# Visual Studio 15
VisualStudioVersion = 15.0.28307.438
MinimumVisualStudioVersion = 10.0.40219.1
Project("{FAE04EC0-301F-11D3-BF4B-00C04F79EFBC}") = "PesqProg", "PesqProg\PesqProg.csproj", "{A78099F8-1CA9-4526-B204-8537E786E09A}"
EndProject
Global
	GlobalSection(SolutionConfigurationPlatforms) = preSolution
		Debug|Any CPU = Debug|Any CPU
		Release|Any CPU = Release|Any CPU
	EndGlobalSection
	GlobalSection(ProjectConfigurationPlatforms) = postSolution
		{A78099F8-1CA9-4526-B204-8537E786E09A}.Debug|Any CPU.ActiveCfg = Debug|Any CPU
		{A78099F8-1CA9-4526-B204-8537E786E09A}.Debug|Any CPU.Build.0 = Debug|Any CPU
		{A78099F8-1CA9-4526-B204-8537E786E09A}.Release|Any CPU.ActiveCfg = Release|Any CPU
		{A78099F8-1CA9-4526-B204-8537E786E09A}.Release|Any CPU.Build.0 = Release|Any CPU
	EndGlobalSection
	GlobalSection(SolutionProperties) = preSolution
		HideSolutionNode = FALSE
	EndGlobalSection
	GlobalSection(ExtensibilityGlobals) = postSolution
		SolutionGuid = {795F72D0-2CC8-4B4E-9917-48E2D6426718}
	EndGlobalSection
EndGlobal
